
Microsoft Visual Studio Solution File, Format Version 12.00
# Visual Studio Version 17
VisualStudioVersion = 17.9.34728.123
MinimumVisualStudioVersion = 10.0.40219.1
Project("{FAE04EC0-301F-11D3-BF4B-00C04F79EFBC}") = "FirstApp", "FirstApp\FirstApp.csproj", "{CE6EC124-0BBD-4E1C-BDC9-6FCA9FD52123}"
EndProject
Project("{FAE04EC0-301F-11D3-BF4B-00C04F79EFBC}") = "SecondApp", "SecondApp\SecondApp.csproj", "{2E706438-D209-4F1D-9093-9A494B6E0A4B}"
EndProject
Project("{FAE04EC0-301F-11D3-BF4B-00C04F79EFBC}") = "Calculator", "Calculator\Calculator.csproj", "{A7F39807-7657-4D8B-8445-3A7D94391C1A}"
EndProject
Global
	GlobalSection(SolutionConfigurationPlatforms) = preSolution
		Debug|Any CPU = Debug|Any CPU
		Release|Any CPU = Release|Any CPU
	EndGlobalSection
	GlobalSection(ProjectConfigurationPlatforms) = postSolution
		{CE6EC124-0BBD-4E1C-BDC9-6FCA9FD52123}.Debug|Any CPU.ActiveCfg = Debug|Any CPU
		{CE6EC124-0BBD-4E1C-BDC9-6FCA9FD52123}.Debug|Any CPU.Build.0 = Debug|Any CPU
		{CE6EC124-0BBD-4E1C-BDC9-6FCA9FD52123}.Release|Any CPU.ActiveCfg = Release|Any CPU
		{CE6EC124-0BBD-4E1C-BDC9-6FCA9FD52123}.Release|Any CPU.Build.0 = Release|Any CPU
		{2E706438-D209-4F1D-9093-9A494B6E0A4B}.Debug|Any CPU.ActiveCfg = Debug|Any CPU
		{2E706438-D209-4F1D-9093-9A494B6E0A4B}.Debug|Any CPU.Build.0 = Debug|Any CPU
		{2E706438-D209-4F1D-9093-9A494B6E0A4B}.Release|Any CPU.ActiveCfg = Release|Any CPU
		{2E706438-D209-4F1D-9093-9A494B6E0A4B}.Release|Any CPU.Build.0 = Release|Any CPU
		{A7F39807-7657-4D8B-8445-3A7D94391C1A}.Debug|Any CPU.ActiveCfg = Debug|Any CPU
		{A7F39807-7657-4D8B-8445-3A7D94391C1A}.Debug|Any CPU.Build.0 = Debug|Any CPU
		{A7F39807-7657-4D8B-8445-3A7D94391C1A}.Release|Any CPU.ActiveCfg = Release|Any CPU
		{A7F39807-7657-4D8B-8445-3A7D94391C1A}.Release|Any CPU.Build.0 = Release|Any CPU
	EndGlobalSection
	GlobalSection(SolutionProperties) = preSolution
		HideSolutionNode = FALSE
	EndGlobalSection
	GlobalSection(ExtensibilityGlobals) = postSolution
		SolutionGuid = {AE05D3A8-BBCA-473C-9F64-47CFBB1FAA72}
	EndGlobalSection
EndGlobal
