
Microsoft Visual Studio Solution File, Format Version 12.00
# Visual Studio Version 17
VisualStudioVersion = 17.9.34728.123
MinimumVisualStudioVersion = 10.0.40219.1
Project("{9A19103F-16F7-4668-BE54-9A1E7A4F7556}") = "FirstApp", "FirstApp\FirstApp.csproj", "{CE6EC124-0BBD-4E1C-BDC9-6FCA9FD52123}"
EndProject
Project("{9A19103F-16F7-4668-BE54-9A1E7A4F7556}") = "SecondApp", "SecondApp\SecondApp.csproj", "{2E706438-D209-4F1D-9093-9A494B6E0A4B}"
EndProject
Project("{9A19103F-16F7-4668-BE54-9A1E7A4F7556}") = "Calculator", "Calculator\Calculator.csproj", "{A7F39807-7657-4D8B-8445-3A7D94391C1A}"
EndProject
Project("{2150E333-8FDC-42A3-9474-1A3956D46DE8}") = "1706", "1706", "{A277971F-9F74-4BAA-BC41-F24130BF408C}"
EndProject
Project("{9A19103F-16F7-4668-BE54-9A1E7A4F7556}") = "Es1706", "Es1706\Es1706.csproj", "{E48BFC32-FD6E-47CC-98BE-D2303813F5E5}"
EndProject
Project("{9A19103F-16F7-4668-BE54-9A1E7A4F7556}") = "U1_D2_ObjectsLifecycle", "ObjectsLifecycle\U1_D2_ObjectsLifecycle.csproj", "{AC5649BE-675C-4E25-A717-32AEC5378292}"
EndProject
Project("{FAE04EC0-301F-11D3-BF4B-00C04F79EFBC}") = "U1_D2_Variables", "Variables\U1_D2_Variables.csproj", "{2BA19E34-1B96-469E-B6CC-363CA9542BED}"
EndProject
Project("{FAE04EC0-301F-11D3-BF4B-00C04F79EFBC}") = "U1_D2_FlowControl", "U1_D2_FlowControl\U1_D2_FlowControl.csproj", "{FFAEDFC5-A940-452D-AB22-DF6E9BEB25E2}"
EndProject
Project("{FAE04EC0-301F-11D3-BF4B-00C04F79EFBC}") = "U1_D2_Arrays", "U1_D2_Arrays\U1_D2_Arrays.csproj", "{E3DAB07C-DE0B-4E3E-B699-B2548D9F3408}"
EndProject
Project("{FAE04EC0-301F-11D3-BF4B-00C04F79EFBC}") = "U1_D2_Riepilogo", "U1_D2_Riepilogo\U1_D2_Riepilogo.csproj", "{2749AB3A-07CE-4ED4-BF86-82CAEA2FC152}"
EndProject
Global
	GlobalSection(SolutionConfigurationPlatforms) = preSolution
		Debug|Any CPU = Debug|Any CPU
		Release|Any CPU = Release|Any CPU
	EndGlobalSection
	GlobalSection(ProjectConfigurationPlatforms) = postSolution
		{CE6EC124-0BBD-4E1C-BDC9-6FCA9FD52123}.Debug|Any CPU.ActiveCfg = Debug|Any CPU
		{CE6EC124-0BBD-4E1C-BDC9-6FCA9FD52123}.Debug|Any CPU.Build.0 = Debug|Any CPU
		{CE6EC124-0BBD-4E1C-BDC9-6FCA9FD52123}.Release|Any CPU.ActiveCfg = Release|Any CPU
		{CE6EC124-0BBD-4E1C-BDC9-6FCA9FD52123}.Release|Any CPU.Build.0 = Release|Any CPU
		{2E706438-D209-4F1D-9093-9A494B6E0A4B}.Debug|Any CPU.ActiveCfg = Debug|Any CPU
		{2E706438-D209-4F1D-9093-9A494B6E0A4B}.Debug|Any CPU.Build.0 = Debug|Any CPU
		{2E706438-D209-4F1D-9093-9A494B6E0A4B}.Release|Any CPU.ActiveCfg = Release|Any CPU
		{2E706438-D209-4F1D-9093-9A494B6E0A4B}.Release|Any CPU.Build.0 = Release|Any CPU
		{A7F39807-7657-4D8B-8445-3A7D94391C1A}.Debug|Any CPU.ActiveCfg = Debug|Any CPU
		{A7F39807-7657-4D8B-8445-3A7D94391C1A}.Debug|Any CPU.Build.0 = Debug|Any CPU
		{A7F39807-7657-4D8B-8445-3A7D94391C1A}.Release|Any CPU.ActiveCfg = Release|Any CPU
		{A7F39807-7657-4D8B-8445-3A7D94391C1A}.Release|Any CPU.Build.0 = Release|Any CPU
		{E48BFC32-FD6E-47CC-98BE-D2303813F5E5}.Debug|Any CPU.ActiveCfg = Debug|Any CPU
		{E48BFC32-FD6E-47CC-98BE-D2303813F5E5}.Debug|Any CPU.Build.0 = Debug|Any CPU
		{E48BFC32-FD6E-47CC-98BE-D2303813F5E5}.Release|Any CPU.ActiveCfg = Release|Any CPU
		{E48BFC32-FD6E-47CC-98BE-D2303813F5E5}.Release|Any CPU.Build.0 = Release|Any CPU
		{AC5649BE-675C-4E25-A717-32AEC5378292}.Debug|Any CPU.ActiveCfg = Debug|Any CPU
		{AC5649BE-675C-4E25-A717-32AEC5378292}.Debug|Any CPU.Build.0 = Debug|Any CPU
		{AC5649BE-675C-4E25-A717-32AEC5378292}.Release|Any CPU.ActiveCfg = Release|Any CPU
		{AC5649BE-675C-4E25-A717-32AEC5378292}.Release|Any CPU.Build.0 = Release|Any CPU
		{2BA19E34-1B96-469E-B6CC-363CA9542BED}.Debug|Any CPU.ActiveCfg = Debug|Any CPU
		{2BA19E34-1B96-469E-B6CC-363CA9542BED}.Debug|Any CPU.Build.0 = Debug|Any CPU
		{2BA19E34-1B96-469E-B6CC-363CA9542BED}.Release|Any CPU.ActiveCfg = Release|Any CPU
		{2BA19E34-1B96-469E-B6CC-363CA9542BED}.Release|Any CPU.Build.0 = Release|Any CPU
		{FFAEDFC5-A940-452D-AB22-DF6E9BEB25E2}.Debug|Any CPU.ActiveCfg = Debug|Any CPU
		{FFAEDFC5-A940-452D-AB22-DF6E9BEB25E2}.Debug|Any CPU.Build.0 = Debug|Any CPU
		{FFAEDFC5-A940-452D-AB22-DF6E9BEB25E2}.Release|Any CPU.ActiveCfg = Release|Any CPU
		{FFAEDFC5-A940-452D-AB22-DF6E9BEB25E2}.Release|Any CPU.Build.0 = Release|Any CPU
		{E3DAB07C-DE0B-4E3E-B699-B2548D9F3408}.Debug|Any CPU.ActiveCfg = Debug|Any CPU
		{E3DAB07C-DE0B-4E3E-B699-B2548D9F3408}.Debug|Any CPU.Build.0 = Debug|Any CPU
		{E3DAB07C-DE0B-4E3E-B699-B2548D9F3408}.Release|Any CPU.ActiveCfg = Release|Any CPU
		{E3DAB07C-DE0B-4E3E-B699-B2548D9F3408}.Release|Any CPU.Build.0 = Release|Any CPU
		{2749AB3A-07CE-4ED4-BF86-82CAEA2FC152}.Debug|Any CPU.ActiveCfg = Debug|Any CPU
		{2749AB3A-07CE-4ED4-BF86-82CAEA2FC152}.Debug|Any CPU.Build.0 = Debug|Any CPU
		{2749AB3A-07CE-4ED4-BF86-82CAEA2FC152}.Release|Any CPU.ActiveCfg = Release|Any CPU
		{2749AB3A-07CE-4ED4-BF86-82CAEA2FC152}.Release|Any CPU.Build.0 = Release|Any CPU
	EndGlobalSection
	GlobalSection(SolutionProperties) = preSolution
		HideSolutionNode = FALSE
	EndGlobalSection
	GlobalSection(NestedProjects) = preSolution
		{CE6EC124-0BBD-4E1C-BDC9-6FCA9FD52123} = {A277971F-9F74-4BAA-BC41-F24130BF408C}
		{2E706438-D209-4F1D-9093-9A494B6E0A4B} = {A277971F-9F74-4BAA-BC41-F24130BF408C}
		{A7F39807-7657-4D8B-8445-3A7D94391C1A} = {A277971F-9F74-4BAA-BC41-F24130BF408C}
		{E48BFC32-FD6E-47CC-98BE-D2303813F5E5} = {A277971F-9F74-4BAA-BC41-F24130BF408C}
	EndGlobalSection
	GlobalSection(ExtensibilityGlobals) = postSolution
		SolutionGuid = {AE05D3A8-BBCA-473C-9F64-47CFBB1FAA72}
	EndGlobalSection
EndGlobal
