
Microsoft Visual Studio Solution File, Format Version 12.00
# Visual Studio Version 17
VisualStudioVersion = 17.9.34728.123
MinimumVisualStudioVersion = 10.0.40219.1
Project("{2150E333-8FDC-42A3-9474-1A3956D46DE8}") = "Addenda", "Addenda", "{EE0CA7DC-4398-4E73-990D-694C08A2236D}"
EndProject
Project("{9A19103F-16F7-4668-BE54-9A1E7A4F7556}") = "FiscalCodeWebApi", "FiscalCodeWebApi\FiscalCodeWebApi.csproj", "{B373A773-7337-46F6-BA9C-AD9D34F2920C}"
EndProject
Project("{9A19103F-16F7-4668-BE54-9A1E7A4F7556}") = "ContestW1", "Contest\ContestW1.csproj", "{FA85A15B-C7AE-47D7-91F0-DCB43786CF6E}"
EndProject
Project("{2150E333-8FDC-42A3-9474-1A3956D46DE8}") = "1706", "1706", "{A277971F-9F74-4BAA-BC41-F24130BF408C}"
EndProject
Project("{9A19103F-16F7-4668-BE54-9A1E7A4F7556}") = "BuildWeek1", "BuildWeek1\BuildWeek1.csproj", "{9C594796-E08D-4E15-B81E-010734EFD855}"
EndProject
Project("{2150E333-8FDC-42A3-9474-1A3956D46DE8}") = "BW1", "BW1", "{7F8A0865-039C-4973-8576-DF5B4225C0BD}"
EndProject
Project("{2150E333-8FDC-42A3-9474-1A3956D46DE8}") = "1806", "1806", "{290BC704-026E-4512-8829-3D7C0BFFDC28}"
EndProject
Project("{2150E333-8FDC-42A3-9474-1A3956D46DE8}") = "1906", "1906", "{7D02D389-F0F6-4260-973A-620CBAFCF914}"
EndProject
Project("{2150E333-8FDC-42A3-9474-1A3956D46DE8}") = "2006", "2006", "{A1A1E871-FBFB-42F2-8F35-DD8FF1C28E58}"
EndProject
Project("{2150E333-8FDC-42A3-9474-1A3956D46DE8}") = "2106", "2106", "{23DE1A1B-47CA-4E9F-B454-B14CD8D3B7C2}"
EndProject
Project("{2150E333-8FDC-42A3-9474-1A3956D46DE8}") = "2406", "2406", "{FC001910-CB34-4578-80F4-163E5A88D433}"
EndProject
Project("{2150E333-8FDC-42A3-9474-1A3956D46DE8}") = "2506", "2506", "{A5CECD35-FA4E-460B-BB9C-9D54D76FA110}"
EndProject
Project("{2150E333-8FDC-42A3-9474-1A3956D46DE8}") = "2606", "2606", "{4DFEED5C-4F0F-4096-8D4A-C571A36D94E1}"
EndProject
Project("{2150E333-8FDC-42A3-9474-1A3956D46DE8}") = "2707", "2707", "{27DAD4A2-5865-4D75-8D6A-535735D1F5A6}"
EndProject
Project("{2150E333-8FDC-42A3-9474-1A3956D46DE8}") = "0107", "0107", "{3FEA189D-F50E-4E09-93E1-AC8765D63662}"
EndProject
Global
	GlobalSection(SolutionConfigurationPlatforms) = preSolution
		Debug|Any CPU = Debug|Any CPU
		Debug|ARM64 = Debug|ARM64
		Debug|x64 = Debug|x64
		Debug|x86 = Debug|x86
		Release|Any CPU = Release|Any CPU
		Release|ARM64 = Release|ARM64
		Release|x64 = Release|x64
		Release|x86 = Release|x86
	EndGlobalSection
	GlobalSection(ProjectConfigurationPlatforms) = postSolution
		{B373A773-7337-46F6-BA9C-AD9D34F2920C}.Debug|Any CPU.ActiveCfg = Debug|Any CPU
		{B373A773-7337-46F6-BA9C-AD9D34F2920C}.Debug|Any CPU.Build.0 = Debug|Any CPU
		{B373A773-7337-46F6-BA9C-AD9D34F2920C}.Debug|ARM64.ActiveCfg = Debug|Any CPU
		{B373A773-7337-46F6-BA9C-AD9D34F2920C}.Debug|ARM64.Build.0 = Debug|Any CPU
		{B373A773-7337-46F6-BA9C-AD9D34F2920C}.Debug|x64.ActiveCfg = Debug|Any CPU
		{B373A773-7337-46F6-BA9C-AD9D34F2920C}.Debug|x64.Build.0 = Debug|Any CPU
		{B373A773-7337-46F6-BA9C-AD9D34F2920C}.Debug|x86.ActiveCfg = Debug|Any CPU
		{B373A773-7337-46F6-BA9C-AD9D34F2920C}.Debug|x86.Build.0 = Debug|Any CPU
		{B373A773-7337-46F6-BA9C-AD9D34F2920C}.Release|Any CPU.ActiveCfg = Release|Any CPU
		{B373A773-7337-46F6-BA9C-AD9D34F2920C}.Release|Any CPU.Build.0 = Release|Any CPU
		{B373A773-7337-46F6-BA9C-AD9D34F2920C}.Release|ARM64.ActiveCfg = Release|Any CPU
		{B373A773-7337-46F6-BA9C-AD9D34F2920C}.Release|ARM64.Build.0 = Release|Any CPU
		{B373A773-7337-46F6-BA9C-AD9D34F2920C}.Release|x64.ActiveCfg = Release|Any CPU
		{B373A773-7337-46F6-BA9C-AD9D34F2920C}.Release|x64.Build.0 = Release|Any CPU
		{B373A773-7337-46F6-BA9C-AD9D34F2920C}.Release|x86.ActiveCfg = Release|Any CPU
		{B373A773-7337-46F6-BA9C-AD9D34F2920C}.Release|x86.Build.0 = Release|Any CPU
		{FA85A15B-C7AE-47D7-91F0-DCB43786CF6E}.Debug|Any CPU.ActiveCfg = Debug|Any CPU
		{FA85A15B-C7AE-47D7-91F0-DCB43786CF6E}.Debug|Any CPU.Build.0 = Debug|Any CPU
		{FA85A15B-C7AE-47D7-91F0-DCB43786CF6E}.Debug|ARM64.ActiveCfg = Debug|Any CPU
		{FA85A15B-C7AE-47D7-91F0-DCB43786CF6E}.Debug|ARM64.Build.0 = Debug|Any CPU
		{FA85A15B-C7AE-47D7-91F0-DCB43786CF6E}.Debug|x64.ActiveCfg = Debug|Any CPU
		{FA85A15B-C7AE-47D7-91F0-DCB43786CF6E}.Debug|x64.Build.0 = Debug|Any CPU
		{FA85A15B-C7AE-47D7-91F0-DCB43786CF6E}.Debug|x86.ActiveCfg = Debug|Any CPU
		{FA85A15B-C7AE-47D7-91F0-DCB43786CF6E}.Debug|x86.Build.0 = Debug|Any CPU
		{FA85A15B-C7AE-47D7-91F0-DCB43786CF6E}.Release|Any CPU.ActiveCfg = Release|Any CPU
		{FA85A15B-C7AE-47D7-91F0-DCB43786CF6E}.Release|Any CPU.Build.0 = Release|Any CPU
		{FA85A15B-C7AE-47D7-91F0-DCB43786CF6E}.Release|ARM64.ActiveCfg = Release|Any CPU
		{FA85A15B-C7AE-47D7-91F0-DCB43786CF6E}.Release|ARM64.Build.0 = Release|Any CPU
		{FA85A15B-C7AE-47D7-91F0-DCB43786CF6E}.Release|x64.ActiveCfg = Release|Any CPU
		{FA85A15B-C7AE-47D7-91F0-DCB43786CF6E}.Release|x64.Build.0 = Release|Any CPU
		{FA85A15B-C7AE-47D7-91F0-DCB43786CF6E}.Release|x86.ActiveCfg = Release|Any CPU
		{FA85A15B-C7AE-47D7-91F0-DCB43786CF6E}.Release|x86.Build.0 = Release|Any CPU
		{9C594796-E08D-4E15-B81E-010734EFD855}.Debug|Any CPU.ActiveCfg = Debug|Any CPU
		{9C594796-E08D-4E15-B81E-010734EFD855}.Debug|Any CPU.Build.0 = Debug|Any CPU
		{9C594796-E08D-4E15-B81E-010734EFD855}.Debug|ARM64.ActiveCfg = Debug|Any CPU
		{9C594796-E08D-4E15-B81E-010734EFD855}.Debug|ARM64.Build.0 = Debug|Any CPU
		{9C594796-E08D-4E15-B81E-010734EFD855}.Debug|x64.ActiveCfg = Debug|Any CPU
		{9C594796-E08D-4E15-B81E-010734EFD855}.Debug|x64.Build.0 = Debug|Any CPU
		{9C594796-E08D-4E15-B81E-010734EFD855}.Debug|x86.ActiveCfg = Debug|Any CPU
		{9C594796-E08D-4E15-B81E-010734EFD855}.Debug|x86.Build.0 = Debug|Any CPU
		{9C594796-E08D-4E15-B81E-010734EFD855}.Release|Any CPU.ActiveCfg = Release|Any CPU
		{9C594796-E08D-4E15-B81E-010734EFD855}.Release|Any CPU.Build.0 = Release|Any CPU
		{9C594796-E08D-4E15-B81E-010734EFD855}.Release|ARM64.ActiveCfg = Release|Any CPU
		{9C594796-E08D-4E15-B81E-010734EFD855}.Release|ARM64.Build.0 = Release|Any CPU
		{9C594796-E08D-4E15-B81E-010734EFD855}.Release|x64.ActiveCfg = Release|Any CPU
		{9C594796-E08D-4E15-B81E-010734EFD855}.Release|x64.Build.0 = Release|Any CPU
		{9C594796-E08D-4E15-B81E-010734EFD855}.Release|x86.ActiveCfg = Release|Any CPU
		{9C594796-E08D-4E15-B81E-010734EFD855}.Release|x86.Build.0 = Release|Any CPU
	EndGlobalSection
	GlobalSection(SolutionProperties) = preSolution
		HideSolutionNode = FALSE
	EndGlobalSection
	GlobalSection(NestedProjects) = preSolution
		{B373A773-7337-46F6-BA9C-AD9D34F2920C} = {EE0CA7DC-4398-4E73-990D-694C08A2236D}
		{FA85A15B-C7AE-47D7-91F0-DCB43786CF6E} = {EE0CA7DC-4398-4E73-990D-694C08A2236D}
		{9C594796-E08D-4E15-B81E-010734EFD855} = {7F8A0865-039C-4973-8576-DF5B4225C0BD}
	EndGlobalSection
	GlobalSection(ExtensibilityGlobals) = postSolution
		SolutionGuid = {AE05D3A8-BBCA-473C-9F64-47CFBB1FAA72}
	EndGlobalSection
EndGlobal
